
Microsoft Visual Studio Solution File, Format Version 12.00
# Visual Studio Version 17
VisualStudioVersion = 17.2.32616.157
MinimumVisualStudioVersion = 10.0.40219.1
Project("{9A19103F-16F7-4668-BE54-9A1E7A4F7556}") = "TicTacToe2", "TicTacToe2\TicTacToe2.csproj", "{0C852F4F-3E5D-47FE-BE65-39F019DA85DE}"
EndProject
Project("{9A19103F-16F7-4668-BE54-9A1E7A4F7556}") = "TicTacToe2Test", "TicTacToe2Test\TicTacToe2Test.csproj", "{8534730D-12DE-4729-8C84-A0A5501DD96A}"
EndProject
Global
	GlobalSection(SolutionConfigurationPlatforms) = preSolution
		Debug|Any CPU = Debug|Any CPU
		Release|Any CPU = Release|Any CPU
	EndGlobalSection
	GlobalSection(ProjectConfigurationPlatforms) = postSolution
		{0C852F4F-3E5D-47FE-BE65-39F019DA85DE}.Debug|Any CPU.ActiveCfg = Debug|Any CPU
		{0C852F4F-3E5D-47FE-BE65-39F019DA85DE}.Debug|Any CPU.Build.0 = Debug|Any CPU
		{0C852F4F-3E5D-47FE-BE65-39F019DA85DE}.Release|Any CPU.ActiveCfg = Release|Any CPU
		{0C852F4F-3E5D-47FE-BE65-39F019DA85DE}.Release|Any CPU.Build.0 = Release|Any CPU
		{8534730D-12DE-4729-8C84-A0A5501DD96A}.Debug|Any CPU.ActiveCfg = Debug|Any CPU
		{8534730D-12DE-4729-8C84-A0A5501DD96A}.Debug|Any CPU.Build.0 = Debug|Any CPU
		{8534730D-12DE-4729-8C84-A0A5501DD96A}.Release|Any CPU.ActiveCfg = Release|Any CPU
		{8534730D-12DE-4729-8C84-A0A5501DD96A}.Release|Any CPU.Build.0 = Release|Any CPU
	EndGlobalSection
	GlobalSection(SolutionProperties) = preSolution
		HideSolutionNode = FALSE
	EndGlobalSection
	GlobalSection(ExtensibilityGlobals) = postSolution
		SolutionGuid = {E74FD983-ECA2-457D-BF9D-469D208CF3A8}
	EndGlobalSection
EndGlobal
