
Microsoft Visual Studio Solution File, Format Version 12.00
Project("{FAE04EC0-301F-11D3-BF4B-00C04F79EFBC}") = "TicTacToe2", "TicTacToe2\TicTacToe2.csproj", "{0C852F4F-3E5D-47FE-BE65-39F019DA85DE}"
EndProject
Global
	GlobalSection(SolutionConfigurationPlatforms) = preSolution
		Debug|Any CPU = Debug|Any CPU
		Release|Any CPU = Release|Any CPU
	EndGlobalSection
	GlobalSection(ProjectConfigurationPlatforms) = postSolution
		{0C852F4F-3E5D-47FE-BE65-39F019DA85DE}.Debug|Any CPU.ActiveCfg = Debug|Any CPU
		{0C852F4F-3E5D-47FE-BE65-39F019DA85DE}.Debug|Any CPU.Build.0 = Debug|Any CPU
		{0C852F4F-3E5D-47FE-BE65-39F019DA85DE}.Release|Any CPU.ActiveCfg = Release|Any CPU
		{0C852F4F-3E5D-47FE-BE65-39F019DA85DE}.Release|Any CPU.Build.0 = Release|Any CPU
	EndGlobalSection
EndGlobal
